<?xml version="1.0" encoding="utf-8"?>
<Project ToolsVersion="4.0" xmlns="http://schemas.microsoft.com/developer/msbuild/2003">
  <ItemGroup>
    <Filter Include="Source Files">
      <UniqueIdentifier>{4FC737F1-C7A5-4376-A066-2A32D752A2FF}</UniqueIdentifier>
      <Extensions>cpp;c;cc;cxx;c++;cppm;ixx;def;odl;idl;hpj;bat;asm;asmx</Extensions>
    </Filter>
    <Filter Include="Header Files">
      <UniqueIdentifier>{93995380-89BD-4b04-88EB-625FBE52EBFB}</UniqueIdentifier>
      <Extensions>h;hh;hpp;hxx;h++;hm;inl;inc;ipp;xsd</Extensions>
    </Filter>
    <Filter Include="Resource Files">
      <UniqueIdentifier>{67DA6AB6-F800-4c08-8B7A-83BB121AAD01}</UniqueIdentifier>
      <Extensions>rc;ico;cur;bmp;dlg;rc2;rct;bin;rgs;gif;jpg;jpeg;jpe;resx;tiff;tif;png;wav;mfcribbon-ms</Extensions>
    </Filter>
    <Filter Include="Libs">
      <UniqueIdentifier>{bef50740-3304-4b3f-95d4-e77cd0d037b7}</UniqueIdentifier>
    </Filter>
    <Filter Include="Libs\PugiXML">
      <UniqueIdentifier>{b9ade822-3a6a-48fc-b32c-1745bfc7fce1}</UniqueIdentifier>
    </Filter>
    <Filter Include="Libs\Tigr">
      <UniqueIdentifier>{3212fdd8-4d86-4b8c-976c-f80496e1ed51}</UniqueIdentifier>
    </Filter>
    <Filter Include="Libs\Lua">
      <UniqueIdentifier>{ad4e27de-233b-4b0b-a910-e8f83aff1b2a}</UniqueIdentifier>
    </Filter>
    <Filter Include="Libs\Sol">
      <UniqueIdentifier>{7bcef406-fd94-4595-8725-f94c4fcfda96}</UniqueIdentifier>
    </Filter>
    <Filter Include="Header Files\Componets">
      <UniqueIdentifier>{69a01004-30f5-4663-974d-b886028bd16d}</UniqueIdentifier>
    </Filter>
    <Filter Include="Source Files\Componets">
      <UniqueIdentifier>{97767156-5e09-421f-939d-1b8870f125d4}</UniqueIdentifier>
    </Filter>
    <Filter Include="Header Files\Systems">
      <UniqueIdentifier>{93f8eabb-a860-4df1-8587-6428f6f0160c}</UniqueIdentifier>
    </Filter>
    <Filter Include="Source Files\Systems">
      <UniqueIdentifier>{4c783831-87b2-4e97-8924-eab9e8769270}</UniqueIdentifier>
    </Filter>
    <Filter Include="Libs\MY_ECS">
      <UniqueIdentifier>{ce9a6b81-aeac-452a-a786-2ea7e318ddf5}</UniqueIdentifier>
    </Filter>
  </ItemGroup>
  <ItemGroup>
    <ClCompile Include="..\Src\Engine.cpp">
      <Filter>Source Files</Filter>
    </ClCompile>
    <ClCompile Include="..\Src\main.cpp">
      <Filter>Source Files</Filter>
    </ClCompile>
    <ClCompile Include="..\src\Vec2.cpp">
      <Filter>Source Files</Filter>
    </ClCompile>
    <ClCompile Include="..\lib\pugixml\pugixml.cpp">
      <Filter>Libs\PugiXML</Filter>
    </ClCompile>
    <ClCompile Include="..\lib\minilua\minilua.c">
      <Filter>Libs\Lua</Filter>
    </ClCompile>
    <ClCompile Include="..\lib\tigr\tigr.c">
      <Filter>Libs\Tigr</Filter>
    </ClCompile>
    <ClCompile Include="..\src\Transform.cpp">
      <Filter>Source Files\Componets</Filter>
    </ClCompile>
    <ClCompile Include="..\src\Sprite.cpp">
      <Filter>Source Files\Componets</Filter>
    </ClCompile>
    <ClCompile Include="..\src\InputSystem.cpp">
      <Filter>Source Files\Systems</Filter>
    </ClCompile>
    <ClCompile Include="..\src\InputComponent.cpp">
      <Filter>Source Files\Componets</Filter>
    </ClCompile>
    <ClCompile Include="..\lib\my_ecs\ComponentManager.cpp">
      <Filter>Libs\MY_ECS</Filter>
    </ClCompile>
    <ClCompile Include="..\lib\my_ecs\ECSManager.cpp">
      <Filter>Libs\MY_ECS</Filter>
    </ClCompile>
    <ClCompile Include="..\lib\my_ecs\EntityManager.cpp">
      <Filter>Libs\MY_ECS</Filter>
    </ClCompile>
  </ItemGroup>
  <ItemGroup>
    <ClInclude Include="..\Src\Engine.h">
      <Filter>Header Files</Filter>
    </ClInclude>
    <ClInclude Include="..\src\Vec2.h">
      <Filter>Header Files</Filter>
    </ClInclude>
    <ClInclude Include="..\lib\pugixml\pugiconfig.hpp">
      <Filter>Libs\PugiXML</Filter>
    </ClInclude>
    <ClInclude Include="..\lib\pugixml\pugixml.hpp">
      <Filter>Libs\PugiXML</Filter>
    </ClInclude>
    <ClInclude Include="..\lib\minilua\minilua.h">
      <Filter>Libs\Lua</Filter>
    </ClInclude>
    <ClInclude Include="..\lib\sol\config.hpp">
      <Filter>Libs\Sol</Filter>
    </ClInclude>
    <ClInclude Include="..\lib\sol\forward.hpp">
      <Filter>Libs\Sol</Filter>
    </ClInclude>
    <ClInclude Include="..\lib\sol\sol.hpp">
      <Filter>Libs\Sol</Filter>
    </ClInclude>
    <ClInclude Include="..\lib\tigr\tigr.h">
      <Filter>Libs\Tigr</Filter>
    </ClInclude>
    <ClInclude Include="..\src\Transform.h">
      <Filter>Header Files\Componets</Filter>
    </ClInclude>
    <ClInclude Include="..\src\Sprite.h">
      <Filter>Header Files\Componets</Filter>
    </ClInclude>
    <ClInclude Include="..\src\InputSystem.h">
      <Filter>Header Files\Systems</Filter>
    </ClInclude>
    <ClInclude Include="..\src\InputComponent.h">
      <Filter>Header Files\Componets</Filter>
    </ClInclude>
    <ClInclude Include="..\lib\my_ecs\ComponentManager.h">
      <Filter>Libs\MY_ECS</Filter>
    </ClInclude>
    <ClInclude Include="..\lib\my_ecs\ecsDefinitions.h">
      <Filter>Libs\MY_ECS</Filter>
    </ClInclude>
    <ClInclude Include="..\lib\my_ecs\ECSManager.h">
      <Filter>Libs\MY_ECS</Filter>
    </ClInclude>
    <ClInclude Include="..\lib\my_ecs\EntityManager.h">
      <Filter>Libs\MY_ECS</Filter>
    </ClInclude>
    <ClInclude Include="..\lib\my_ecs\IComponentArray.h">
      <Filter>Libs\MY_ECS</Filter>
    </ClInclude>
    <ClInclude Include="..\lib\my_ecs\System.h">
      <Filter>Libs\MY_ECS</Filter>
    </ClInclude>
    <ClInclude Include="..\lib\my_ecs\SystemManager.h">
      <Filter>Libs\MY_ECS</Filter>
    </ClInclude>
  </ItemGroup>
</Project>